
Microsoft Visual Studio Solution File, Format Version 12.00
# Visual Studio 14
VisualStudioVersion = 14.0.24720.0
MinimumVisualStudioVersion = 10.0.40219.1
Project("{FAE04EC0-301F-11D3-BF4B-00C04F79EFBC}") = "LearnITStore.Domain", "LearnITStore.Domain\LearnITStore.Domain.csproj", "{9ED357C6-3759-4CFA-958A-25A0163B6181}"
EndProject
Project("{FAE04EC0-301F-11D3-BF4B-00C04F79EFBC}") = "LearnITStore.WebUI", "LearnITStore.WebUI\LearnITStore.WebUI.csproj", "{FBCD0530-FB99-4A8C-88A8-F2982D196EE3}"
EndProject
Project("{FAE04EC0-301F-11D3-BF4B-00C04F79EFBC}") = "LearnITStore.UnitTests", "LearnITStore.UnitTests\LearnITStore.UnitTests.csproj", "{8DC13649-1B71-42D5-8BC4-FCB4D02BB8DA}"
EndProject
Global
	GlobalSection(SolutionConfigurationPlatforms) = preSolution
		Debug|Any CPU = Debug|Any CPU
		Release|Any CPU = Release|Any CPU
	EndGlobalSection
	GlobalSection(ProjectConfigurationPlatforms) = postSolution
		{9ED357C6-3759-4CFA-958A-25A0163B6181}.Debug|Any CPU.ActiveCfg = Debug|Any CPU
		{9ED357C6-3759-4CFA-958A-25A0163B6181}.Debug|Any CPU.Build.0 = Debug|Any CPU
		{9ED357C6-3759-4CFA-958A-25A0163B6181}.Release|Any CPU.ActiveCfg = Release|Any CPU
		{9ED357C6-3759-4CFA-958A-25A0163B6181}.Release|Any CPU.Build.0 = Release|Any CPU
		{FBCD0530-FB99-4A8C-88A8-F2982D196EE3}.Debug|Any CPU.ActiveCfg = Debug|Any CPU
		{FBCD0530-FB99-4A8C-88A8-F2982D196EE3}.Debug|Any CPU.Build.0 = Debug|Any CPU
		{FBCD0530-FB99-4A8C-88A8-F2982D196EE3}.Release|Any CPU.ActiveCfg = Release|Any CPU
		{FBCD0530-FB99-4A8C-88A8-F2982D196EE3}.Release|Any CPU.Build.0 = Release|Any CPU
		{8DC13649-1B71-42D5-8BC4-FCB4D02BB8DA}.Debug|Any CPU.ActiveCfg = Debug|Any CPU
		{8DC13649-1B71-42D5-8BC4-FCB4D02BB8DA}.Debug|Any CPU.Build.0 = Debug|Any CPU
		{8DC13649-1B71-42D5-8BC4-FCB4D02BB8DA}.Release|Any CPU.ActiveCfg = Release|Any CPU
		{8DC13649-1B71-42D5-8BC4-FCB4D02BB8DA}.Release|Any CPU.Build.0 = Release|Any CPU
	EndGlobalSection
	GlobalSection(SolutionProperties) = preSolution
		HideSolutionNode = FALSE
	EndGlobalSection
EndGlobal
